
Microsoft Visual Studio Solution File, Format Version 12.00
# Visual Studio Version 17
VisualStudioVersion = 17.3.32922.545
MinimumVisualStudioVersion = 10.0.40219.1
Project("{9A19103F-16F7-4668-BE54-9A1E7A4F7556}") = "DemoFlowEditor", "DemoFlowEditor\DemoFlowEditor.csproj", "{8CB6B8DF-4932-45E0-9140-35D09DC9237D}"
EndProject
Project("{FAE04EC0-301F-11D3-BF4B-00C04F79EFBC}") = "DataAccessLayer", "DataAccessLayer\DataAccessLayer.csproj", "{CC01A5CF-F544-4A43-B67A-379D6E7D16AD}"
EndProject
Project("{FAE04EC0-301F-11D3-BF4B-00C04F79EFBC}") = "InterfaceLayer", "InterfaceLayer\InterfaceLayer.csproj", "{486AD3C7-18BC-410E-B9E5-3D3BB9DEE7ED}"
EndProject
Project("{FAE04EC0-301F-11D3-BF4B-00C04F79EFBC}") = "BusinessLayer", "BusinessLayer\BusinessLayer.csproj", "{F05C0B8C-C17E-4BCF-B04E-22365BB30938}"
EndProject
Global
	GlobalSection(SolutionConfigurationPlatforms) = preSolution
		Debug|Any CPU = Debug|Any CPU
		Release|Any CPU = Release|Any CPU
	EndGlobalSection
	GlobalSection(ProjectConfigurationPlatforms) = postSolution
		{8CB6B8DF-4932-45E0-9140-35D09DC9237D}.Debug|Any CPU.ActiveCfg = Debug|Any CPU
		{8CB6B8DF-4932-45E0-9140-35D09DC9237D}.Debug|Any CPU.Build.0 = Debug|Any CPU
		{8CB6B8DF-4932-45E0-9140-35D09DC9237D}.Release|Any CPU.ActiveCfg = Release|Any CPU
		{8CB6B8DF-4932-45E0-9140-35D09DC9237D}.Release|Any CPU.Build.0 = Release|Any CPU
		{CC01A5CF-F544-4A43-B67A-379D6E7D16AD}.Debug|Any CPU.ActiveCfg = Debug|Any CPU
		{CC01A5CF-F544-4A43-B67A-379D6E7D16AD}.Debug|Any CPU.Build.0 = Debug|Any CPU
		{CC01A5CF-F544-4A43-B67A-379D6E7D16AD}.Release|Any CPU.ActiveCfg = Release|Any CPU
		{CC01A5CF-F544-4A43-B67A-379D6E7D16AD}.Release|Any CPU.Build.0 = Release|Any CPU
		{486AD3C7-18BC-410E-B9E5-3D3BB9DEE7ED}.Debug|Any CPU.ActiveCfg = Debug|Any CPU
		{486AD3C7-18BC-410E-B9E5-3D3BB9DEE7ED}.Debug|Any CPU.Build.0 = Debug|Any CPU
		{486AD3C7-18BC-410E-B9E5-3D3BB9DEE7ED}.Release|Any CPU.ActiveCfg = Release|Any CPU
		{486AD3C7-18BC-410E-B9E5-3D3BB9DEE7ED}.Release|Any CPU.Build.0 = Release|Any CPU
		{F05C0B8C-C17E-4BCF-B04E-22365BB30938}.Debug|Any CPU.ActiveCfg = Debug|Any CPU
		{F05C0B8C-C17E-4BCF-B04E-22365BB30938}.Debug|Any CPU.Build.0 = Debug|Any CPU
		{F05C0B8C-C17E-4BCF-B04E-22365BB30938}.Release|Any CPU.ActiveCfg = Release|Any CPU
		{F05C0B8C-C17E-4BCF-B04E-22365BB30938}.Release|Any CPU.Build.0 = Release|Any CPU
	EndGlobalSection
	GlobalSection(SolutionProperties) = preSolution
		HideSolutionNode = FALSE
	EndGlobalSection
	GlobalSection(ExtensibilityGlobals) = postSolution
		SolutionGuid = {E2095F5F-DE6F-482F-A07F-DA26808FD0A5}
	EndGlobalSection
EndGlobal
